
Microsoft Visual Studio Solution File, Format Version 12.00
# Visual Studio 15
VisualStudioVersion = 15.0.28010.2041
MinimumVisualStudioVersion = 10.0.40219.1
Project("{FAE04EC0-301F-11D3-BF4B-00C04F79EFBC}") = "RestStopForProject", "RestStopForProject.csproj", "{2C635B2A-0183-4E6C-B454-E8AA4BE4173E}"
EndProject
Global
	GlobalSection(SolutionConfigurationPlatforms) = preSolution
		Debug|Any CPU = Debug|Any CPU
		Release|Any CPU = Release|Any CPU
	EndGlobalSection
	GlobalSection(ProjectConfigurationPlatforms) = postSolution
		{2C635B2A-0183-4E6C-B454-E8AA4BE4173E}.Debug|Any CPU.ActiveCfg = Debug|Any CPU
		{2C635B2A-0183-4E6C-B454-E8AA4BE4173E}.Debug|Any CPU.Build.0 = Debug|Any CPU
		{2C635B2A-0183-4E6C-B454-E8AA4BE4173E}.Release|Any CPU.ActiveCfg = Release|Any CPU
		{2C635B2A-0183-4E6C-B454-E8AA4BE4173E}.Release|Any CPU.Build.0 = Release|Any CPU
	EndGlobalSection
	GlobalSection(SolutionProperties) = preSolution
		HideSolutionNode = FALSE
	EndGlobalSection
	GlobalSection(ExtensibilityGlobals) = postSolution
		SolutionGuid = {0E606EA4-E959-4D68-84B3-8C3114530675}
	EndGlobalSection
EndGlobal
